
Microsoft Visual Studio Solution File, Format Version 12.00
# Visual Studio Version 17
VisualStudioVersion = 17.1.31911.260
MinimumVisualStudioVersion = 10.0.40219.1
Project("{E53339B2-1760-4266-BCC7-CA923CBCF16C}") = "docker-compose", "docker-compose.dcproj", "{0C728D18-61C5-4C61-9A6E-CA4B20659CA7}"
EndProject
Project("{2150E333-8FDC-42A3-9474-1A3956D46DE8}") = "Orders", "Orders", "{FD191F63-B44C-441A-8461-2A3277F99932}"
EndProject
Project("{2150E333-8FDC-42A3-9474-1A3956D46DE8}") = "Customers", "Customers", "{5FB1B789-5C63-4E58-B2F9-7E945605E317}"
EndProject
Project("{2150E333-8FDC-42A3-9474-1A3956D46DE8}") = "SharedLib", "SharedLib", "{04490506-8A1F-4206-A7B0-F0BA1A5B7BEA}"
EndProject
Project("{2150E333-8FDC-42A3-9474-1A3956D46DE8}") = "Notifications", "Notifications", "{FBF6FC3C-968D-4888-B8AB-2924A8C6CC95}"
EndProject
Project("{9A19103F-16F7-4668-BE54-9A1E7A4F7556}") = "MassTransit.Demo.Customers", "src\Customers\MassTransit.Demo.Customers\MassTransit.Demo.Customers.csproj", "{3D986042-4B53-44BE-8AB2-4556B7C935DA}"
EndProject
Project("{9A19103F-16F7-4668-BE54-9A1E7A4F7556}") = "MassTransit.Demo.Customers.Contracts", "src\Customers\MassTransit.Demo.Customers.Contracts\MassTransit.Demo.Customers.Contracts.csproj", "{9F7C270E-D9EA-4A56-9C57-DA23D93C93D2}"
EndProject
Project("{9A19103F-16F7-4668-BE54-9A1E7A4F7556}") = "MassTransit.Demo.Customers.Tests", "src\Customers\MassTransit.Demo.Customers.Tests\MassTransit.Demo.Customers.Tests.csproj", "{BF691BAA-7E03-410A-985E-56007A6FE5C7}"
EndProject
Project("{9A19103F-16F7-4668-BE54-9A1E7A4F7556}") = "MassTransit.Demo.Orders", "src\Orders\MassTransit.Demo.Orders\MassTransit.Demo.Orders.csproj", "{A9BC38A1-B909-4792-B3BB-600F14B9ED6B}"
EndProject
Project("{9A19103F-16F7-4668-BE54-9A1E7A4F7556}") = "MassTransit.Demo.Orders.Contracts", "src\Orders\MassTransit.Demo.Orders.Contracts\MassTransit.Demo.Orders.Contracts.csproj", "{75F91C02-4213-4CC4-9410-BFFBB31861BE}"
EndProject
Project("{9A19103F-16F7-4668-BE54-9A1E7A4F7556}") = "MassTransit.Demo.Orders.Tests", "src\Orders\MassTransit.Demo.Orders.Tests\MassTransit.Demo.Orders.Tests.csproj", "{BDDB6E5D-49D4-4167-BC58-5B1DF88759ED}"
EndProject
Project("{9A19103F-16F7-4668-BE54-9A1E7A4F7556}") = "MassTransit.Demo.Communication", "src\SharedLib\MassTransit.Demo.Communication\MassTransit.Demo.Communication.csproj", "{E010D70F-D11F-40F5-8834-0CD0FA04C395}"
EndProject
Project("{9A19103F-16F7-4668-BE54-9A1E7A4F7556}") = "MassTransit.Demo.Communication.Tests", "src\SharedLib\MassTransit.Demo.Communication.Tests\MassTransit.Demo.Communication.Tests.csproj", "{DE0FE184-1FDB-4F4B-BBBD-4242ECCD2EEB}"
EndProject
Project("{9A19103F-16F7-4668-BE54-9A1E7A4F7556}") = "MassTransit.Demo.Notifications", "src\Notifications\MassTransit.Demo.Notifications\MassTransit.Demo.Notifications.csproj", "{B5F634CD-6304-4220-BA14-B491C905ABEB}"
EndProject
Project("{2150E333-8FDC-42A3-9474-1A3956D46DE8}") = "3. Saga", "3. Saga", "{685D5D35-3CEC-4BB5-9EE5-206E706B15CB}"
EndProject
Project("{2150E333-8FDC-42A3-9474-1A3956D46DE8}") = "1. Sending Message", "1. Sending Message", "{0F6EBC12-2289-47BB-82BE-07A52D8FE249}"
EndProject
Project("{2150E333-8FDC-42A3-9474-1A3956D46DE8}") = "2. Publishing", "2. Publishing", "{7D06A260-7B8F-4DE8-84C7-6A12CE3B8A2F}"
EndProject
Project("{9A19103F-16F7-4668-BE54-9A1E7A4F7556}") = "WebApiA", "src\1_Sending_Message\WebApiA\WebApiA.csproj", "{C680A62A-478A-45F4-8543-69206FAEB815}"
EndProject
Project("{9A19103F-16F7-4668-BE54-9A1E7A4F7556}") = "WebApiB", "src\1_Sending_Message\WebApiB\WebApiB.csproj", "{236E2E3D-658C-4840-BCB5-08077E07AF4E}"
EndProject
Project("{9A19103F-16F7-4668-BE54-9A1E7A4F7556}") = "WebApiX", "src\2_Publishing_Events\WebApiX\WebApiX.csproj", "{EB3BCA8A-B1C4-4A80-A3A3-75E01F651FC0}"
EndProject
Project("{9A19103F-16F7-4668-BE54-9A1E7A4F7556}") = "WebApiY", "src\2_Publishing_Events\WebApiY\WebApiY.csproj", "{C5455623-322E-4D98-B019-0E1AC237D93E}"
EndProject
Project("{9A19103F-16F7-4668-BE54-9A1E7A4F7556}") = "WebApiZ", "src\2_Publishing_Events\WebApiZ\WebApiZ.csproj", "{B3FC9BCD-C9FC-4A8E-ABB1-FFDC22742252}"
EndProject
Project("{9A19103F-16F7-4668-BE54-9A1E7A4F7556}") = "MassTransit.Demo.Shared", "src\SharedLib\MassTransit.Demo.Shared\MassTransit.Demo.Shared.csproj", "{B4317F67-73FD-4E10-9C8F-286018CA374B}"
EndProject
Project("{9A19103F-16F7-4668-BE54-9A1E7A4F7556}") = "Events.Contracts", "src\2_Publishing_Events\Events.Contracts\Events.Contracts.csproj", "{B4324C10-3941-4826-832F-C50B2046FAF8}"
EndProject
Project("{FAE04EC0-301F-11D3-BF4B-00C04F79EFBC}") = "Requests.Contracts", "src\1_Sending_Message\Requests.Contracts\Requests.Contracts.csproj", "{2D76B303-6292-4126-8F83-9BF0A5EDFEBB}"
EndProject
Global
	GlobalSection(SolutionConfigurationPlatforms) = preSolution
		Debug|Any CPU = Debug|Any CPU
		Release|Any CPU = Release|Any CPU
	EndGlobalSection
	GlobalSection(ProjectConfigurationPlatforms) = postSolution
		{0C728D18-61C5-4C61-9A6E-CA4B20659CA7}.Debug|Any CPU.ActiveCfg = Debug|Any CPU
		{0C728D18-61C5-4C61-9A6E-CA4B20659CA7}.Debug|Any CPU.Build.0 = Debug|Any CPU
		{0C728D18-61C5-4C61-9A6E-CA4B20659CA7}.Release|Any CPU.ActiveCfg = Release|Any CPU
		{0C728D18-61C5-4C61-9A6E-CA4B20659CA7}.Release|Any CPU.Build.0 = Release|Any CPU
		{3D986042-4B53-44BE-8AB2-4556B7C935DA}.Debug|Any CPU.ActiveCfg = Debug|Any CPU
		{3D986042-4B53-44BE-8AB2-4556B7C935DA}.Debug|Any CPU.Build.0 = Debug|Any CPU
		{3D986042-4B53-44BE-8AB2-4556B7C935DA}.Release|Any CPU.ActiveCfg = Release|Any CPU
		{3D986042-4B53-44BE-8AB2-4556B7C935DA}.Release|Any CPU.Build.0 = Release|Any CPU
		{9F7C270E-D9EA-4A56-9C57-DA23D93C93D2}.Debug|Any CPU.ActiveCfg = Debug|Any CPU
		{9F7C270E-D9EA-4A56-9C57-DA23D93C93D2}.Debug|Any CPU.Build.0 = Debug|Any CPU
		{9F7C270E-D9EA-4A56-9C57-DA23D93C93D2}.Release|Any CPU.ActiveCfg = Release|Any CPU
		{9F7C270E-D9EA-4A56-9C57-DA23D93C93D2}.Release|Any CPU.Build.0 = Release|Any CPU
		{BF691BAA-7E03-410A-985E-56007A6FE5C7}.Debug|Any CPU.ActiveCfg = Debug|Any CPU
		{BF691BAA-7E03-410A-985E-56007A6FE5C7}.Debug|Any CPU.Build.0 = Debug|Any CPU
		{BF691BAA-7E03-410A-985E-56007A6FE5C7}.Release|Any CPU.ActiveCfg = Release|Any CPU
		{BF691BAA-7E03-410A-985E-56007A6FE5C7}.Release|Any CPU.Build.0 = Release|Any CPU
		{A9BC38A1-B909-4792-B3BB-600F14B9ED6B}.Debug|Any CPU.ActiveCfg = Debug|Any CPU
		{A9BC38A1-B909-4792-B3BB-600F14B9ED6B}.Debug|Any CPU.Build.0 = Debug|Any CPU
		{A9BC38A1-B909-4792-B3BB-600F14B9ED6B}.Release|Any CPU.ActiveCfg = Release|Any CPU
		{A9BC38A1-B909-4792-B3BB-600F14B9ED6B}.Release|Any CPU.Build.0 = Release|Any CPU
		{75F91C02-4213-4CC4-9410-BFFBB31861BE}.Debug|Any CPU.ActiveCfg = Debug|Any CPU
		{75F91C02-4213-4CC4-9410-BFFBB31861BE}.Debug|Any CPU.Build.0 = Debug|Any CPU
		{75F91C02-4213-4CC4-9410-BFFBB31861BE}.Release|Any CPU.ActiveCfg = Release|Any CPU
		{75F91C02-4213-4CC4-9410-BFFBB31861BE}.Release|Any CPU.Build.0 = Release|Any CPU
		{BDDB6E5D-49D4-4167-BC58-5B1DF88759ED}.Debug|Any CPU.ActiveCfg = Debug|Any CPU
		{BDDB6E5D-49D4-4167-BC58-5B1DF88759ED}.Debug|Any CPU.Build.0 = Debug|Any CPU
		{BDDB6E5D-49D4-4167-BC58-5B1DF88759ED}.Release|Any CPU.ActiveCfg = Release|Any CPU
		{BDDB6E5D-49D4-4167-BC58-5B1DF88759ED}.Release|Any CPU.Build.0 = Release|Any CPU
		{E010D70F-D11F-40F5-8834-0CD0FA04C395}.Debug|Any CPU.ActiveCfg = Debug|Any CPU
		{E010D70F-D11F-40F5-8834-0CD0FA04C395}.Debug|Any CPU.Build.0 = Debug|Any CPU
		{E010D70F-D11F-40F5-8834-0CD0FA04C395}.Release|Any CPU.ActiveCfg = Release|Any CPU
		{E010D70F-D11F-40F5-8834-0CD0FA04C395}.Release|Any CPU.Build.0 = Release|Any CPU
		{DE0FE184-1FDB-4F4B-BBBD-4242ECCD2EEB}.Debug|Any CPU.ActiveCfg = Debug|Any CPU
		{DE0FE184-1FDB-4F4B-BBBD-4242ECCD2EEB}.Debug|Any CPU.Build.0 = Debug|Any CPU
		{DE0FE184-1FDB-4F4B-BBBD-4242ECCD2EEB}.Release|Any CPU.ActiveCfg = Release|Any CPU
		{DE0FE184-1FDB-4F4B-BBBD-4242ECCD2EEB}.Release|Any CPU.Build.0 = Release|Any CPU
		{B5F634CD-6304-4220-BA14-B491C905ABEB}.Debug|Any CPU.ActiveCfg = Debug|Any CPU
		{B5F634CD-6304-4220-BA14-B491C905ABEB}.Debug|Any CPU.Build.0 = Debug|Any CPU
		{B5F634CD-6304-4220-BA14-B491C905ABEB}.Release|Any CPU.ActiveCfg = Release|Any CPU
		{B5F634CD-6304-4220-BA14-B491C905ABEB}.Release|Any CPU.Build.0 = Release|Any CPU
		{C680A62A-478A-45F4-8543-69206FAEB815}.Debug|Any CPU.ActiveCfg = Debug|Any CPU
		{C680A62A-478A-45F4-8543-69206FAEB815}.Debug|Any CPU.Build.0 = Debug|Any CPU
		{C680A62A-478A-45F4-8543-69206FAEB815}.Release|Any CPU.ActiveCfg = Release|Any CPU
		{C680A62A-478A-45F4-8543-69206FAEB815}.Release|Any CPU.Build.0 = Release|Any CPU
		{236E2E3D-658C-4840-BCB5-08077E07AF4E}.Debug|Any CPU.ActiveCfg = Debug|Any CPU
		{236E2E3D-658C-4840-BCB5-08077E07AF4E}.Debug|Any CPU.Build.0 = Debug|Any CPU
		{236E2E3D-658C-4840-BCB5-08077E07AF4E}.Release|Any CPU.ActiveCfg = Release|Any CPU
		{236E2E3D-658C-4840-BCB5-08077E07AF4E}.Release|Any CPU.Build.0 = Release|Any CPU
		{EB3BCA8A-B1C4-4A80-A3A3-75E01F651FC0}.Debug|Any CPU.ActiveCfg = Debug|Any CPU
		{EB3BCA8A-B1C4-4A80-A3A3-75E01F651FC0}.Debug|Any CPU.Build.0 = Debug|Any CPU
		{EB3BCA8A-B1C4-4A80-A3A3-75E01F651FC0}.Release|Any CPU.ActiveCfg = Release|Any CPU
		{EB3BCA8A-B1C4-4A80-A3A3-75E01F651FC0}.Release|Any CPU.Build.0 = Release|Any CPU
		{C5455623-322E-4D98-B019-0E1AC237D93E}.Debug|Any CPU.ActiveCfg = Debug|Any CPU
		{C5455623-322E-4D98-B019-0E1AC237D93E}.Debug|Any CPU.Build.0 = Debug|Any CPU
		{C5455623-322E-4D98-B019-0E1AC237D93E}.Release|Any CPU.ActiveCfg = Release|Any CPU
		{C5455623-322E-4D98-B019-0E1AC237D93E}.Release|Any CPU.Build.0 = Release|Any CPU
		{B3FC9BCD-C9FC-4A8E-ABB1-FFDC22742252}.Debug|Any CPU.ActiveCfg = Debug|Any CPU
		{B3FC9BCD-C9FC-4A8E-ABB1-FFDC22742252}.Debug|Any CPU.Build.0 = Debug|Any CPU
		{B3FC9BCD-C9FC-4A8E-ABB1-FFDC22742252}.Release|Any CPU.ActiveCfg = Release|Any CPU
		{B3FC9BCD-C9FC-4A8E-ABB1-FFDC22742252}.Release|Any CPU.Build.0 = Release|Any CPU
		{B4317F67-73FD-4E10-9C8F-286018CA374B}.Debug|Any CPU.ActiveCfg = Debug|Any CPU
		{B4317F67-73FD-4E10-9C8F-286018CA374B}.Debug|Any CPU.Build.0 = Debug|Any CPU
		{B4317F67-73FD-4E10-9C8F-286018CA374B}.Release|Any CPU.ActiveCfg = Release|Any CPU
		{B4317F67-73FD-4E10-9C8F-286018CA374B}.Release|Any CPU.Build.0 = Release|Any CPU
		{B4324C10-3941-4826-832F-C50B2046FAF8}.Debug|Any CPU.ActiveCfg = Debug|Any CPU
		{B4324C10-3941-4826-832F-C50B2046FAF8}.Debug|Any CPU.Build.0 = Debug|Any CPU
		{B4324C10-3941-4826-832F-C50B2046FAF8}.Release|Any CPU.ActiveCfg = Release|Any CPU
		{B4324C10-3941-4826-832F-C50B2046FAF8}.Release|Any CPU.Build.0 = Release|Any CPU
		{2D76B303-6292-4126-8F83-9BF0A5EDFEBB}.Debug|Any CPU.ActiveCfg = Debug|Any CPU
		{2D76B303-6292-4126-8F83-9BF0A5EDFEBB}.Debug|Any CPU.Build.0 = Debug|Any CPU
		{2D76B303-6292-4126-8F83-9BF0A5EDFEBB}.Release|Any CPU.ActiveCfg = Release|Any CPU
		{2D76B303-6292-4126-8F83-9BF0A5EDFEBB}.Release|Any CPU.Build.0 = Release|Any CPU
	EndGlobalSection
	GlobalSection(SolutionProperties) = preSolution
		HideSolutionNode = FALSE
	EndGlobalSection
	GlobalSection(NestedProjects) = preSolution
		{FD191F63-B44C-441A-8461-2A3277F99932} = {685D5D35-3CEC-4BB5-9EE5-206E706B15CB}
		{5FB1B789-5C63-4E58-B2F9-7E945605E317} = {685D5D35-3CEC-4BB5-9EE5-206E706B15CB}
		{FBF6FC3C-968D-4888-B8AB-2924A8C6CC95} = {685D5D35-3CEC-4BB5-9EE5-206E706B15CB}
		{3D986042-4B53-44BE-8AB2-4556B7C935DA} = {5FB1B789-5C63-4E58-B2F9-7E945605E317}
		{9F7C270E-D9EA-4A56-9C57-DA23D93C93D2} = {5FB1B789-5C63-4E58-B2F9-7E945605E317}
		{BF691BAA-7E03-410A-985E-56007A6FE5C7} = {5FB1B789-5C63-4E58-B2F9-7E945605E317}
		{A9BC38A1-B909-4792-B3BB-600F14B9ED6B} = {FD191F63-B44C-441A-8461-2A3277F99932}
		{75F91C02-4213-4CC4-9410-BFFBB31861BE} = {FD191F63-B44C-441A-8461-2A3277F99932}
		{BDDB6E5D-49D4-4167-BC58-5B1DF88759ED} = {FD191F63-B44C-441A-8461-2A3277F99932}
		{E010D70F-D11F-40F5-8834-0CD0FA04C395} = {04490506-8A1F-4206-A7B0-F0BA1A5B7BEA}
		{DE0FE184-1FDB-4F4B-BBBD-4242ECCD2EEB} = {04490506-8A1F-4206-A7B0-F0BA1A5B7BEA}
		{B5F634CD-6304-4220-BA14-B491C905ABEB} = {FBF6FC3C-968D-4888-B8AB-2924A8C6CC95}
		{C680A62A-478A-45F4-8543-69206FAEB815} = {0F6EBC12-2289-47BB-82BE-07A52D8FE249}
		{236E2E3D-658C-4840-BCB5-08077E07AF4E} = {0F6EBC12-2289-47BB-82BE-07A52D8FE249}
		{EB3BCA8A-B1C4-4A80-A3A3-75E01F651FC0} = {7D06A260-7B8F-4DE8-84C7-6A12CE3B8A2F}
		{C5455623-322E-4D98-B019-0E1AC237D93E} = {7D06A260-7B8F-4DE8-84C7-6A12CE3B8A2F}
		{B3FC9BCD-C9FC-4A8E-ABB1-FFDC22742252} = {7D06A260-7B8F-4DE8-84C7-6A12CE3B8A2F}
		{B4317F67-73FD-4E10-9C8F-286018CA374B} = {04490506-8A1F-4206-A7B0-F0BA1A5B7BEA}
		{B4324C10-3941-4826-832F-C50B2046FAF8} = {7D06A260-7B8F-4DE8-84C7-6A12CE3B8A2F}
		{2D76B303-6292-4126-8F83-9BF0A5EDFEBB} = {0F6EBC12-2289-47BB-82BE-07A52D8FE249}
	EndGlobalSection
	GlobalSection(ExtensibilityGlobals) = postSolution
		SolutionGuid = {3FE3B399-0901-4ADD-8BC8-455BA188FF07}
	EndGlobalSection
EndGlobal
